{
  "name": "my-iva-project",
  "version": "1.0.0",
  "lockfileVersion": 2,
  "requires": true,
  "packages": {
    "": {
      "name": "my-iva-project",
      "version": "1.0.0",
      "license": "ISC",
      "devDependencies": {
        "@klickinc/amp-iva-boilerplate-component-briefcase": "^1.0.2",
        "@klickinc/amp-iva-boilerplate-component-clickstreamer": "^1.0.1",
        "@klickinc/amp-iva-boilerplate-component-content-swap": "^1.0.2",
        "@klickinc/amp-iva-boilerplate-component-expanding-isi": "^1.0.2",
        "@klickinc/amp-iva-boilerplate-component-hotlink": "^1.2.1",
        "@klickinc/amp-iva-boilerplate-component-isi": "^1.0.1",
        "@klickinc/amp-iva-boilerplate-component-modal": "^1.0.2",
        "@klickinc/amp-iva-boilerplate-component-swipe": "^1.0.1",
        "@klickinc/amp-iva-boilerplate-component-tabs": "^1.0.1",
        "@klickinc/amp-iva-boilerplate-component-vendor-hammerjs": "^2.0.9",
        "@klickinc/amp-iva-boilerplate-component-vendor-iscroll": "^5.2.1",
        "@klickinc/amp-iva-boilerplate-component-vendor-jquery": "^1.10.3",
        "@klickinc/amp-iva-boilerplate-component-vendor-jquery-hammer": "^2.0.1",
        "@klickinc/amp-iva-boilerplate-component-vendor-veeva-library": "^28.13.11",
        "@klickinc/amp-iva-boilerplate-component-video": "^1.0.2",
        "@klickinc/sketch-iva-component-scroll": "0.0.1"
      }
    },
    "node_modules/@klickinc/amp-iva-boilerplate-component-briefcase": {
      "version": "1.0.2",
      "resolved": "https://npm.pkg.github.com/download/@klickinc/amp-iva-boilerplate-component-briefcase/1.0.2/4774f220da0ad11f6305ff798938cb98211357911a4f9195066390e0f2770ff2",
      "integrity": "sha1-3fruHXX7JvabdIfDNyAzBUrgxXM=",
      "dev": true,
      "hasInstallScript": true,
      "license": "ISC"
    },
    "node_modules/@klickinc/amp-iva-boilerplate-component-clickstreamer": {
      "version": "1.0.1",
      "resolved": "https://npm.pkg.github.com/download/@klickinc/amp-iva-boilerplate-component-clickstreamer/1.0.1/0b4b5ff9731428073739317bec6a8e0e600732009a1767da58ea54cfeb626c44",
      "integrity": "sha1-c3ymqcdFkayuIVqEWQQipxYowZY=",
      "dev": true,
      "hasInstallScript": true,
      "license": "ISC"
    },
    "node_modules/@klickinc/amp-iva-boilerplate-component-content-swap": {
      "version": "1.0.2",
      "resolved": "https://npm.pkg.github.com/download/@klickinc/amp-iva-boilerplate-component-content-swap/1.0.2/3f21394d364e07c6f91ee3d687192e0aeb68e5be991fb2d1c969f6679f06b163",
      "integrity": "sha1-GcgYx4Yf7ilW2dnnGXNxzqGOOZY=",
      "dev": true,
      "hasInstallScript": true,
      "license": "ISC"
    },
    "node_modules/@klickinc/amp-iva-boilerplate-component-expanding-isi": {
      "version": "1.0.2",
      "resolved": "https://npm.pkg.github.com/download/@klickinc/amp-iva-boilerplate-component-expanding-isi/1.0.2/80a00d9d1d439c7e7d5c6c208510e7ea9e34e40d0fd910a7bf5ed5b645614b19",
      "integrity": "sha1-dcucFjVp+jH8C2Gp9eEWXfCdxZY=",
      "dev": true,
      "hasInstallScript": true,
      "license": "ISC"
    },
    "node_modules/@klickinc/amp-iva-boilerplate-component-hotlink": {
      "version": "1.2.1",
      "resolved": "https://npm.pkg.github.com/download/@klickinc/amp-iva-boilerplate-component-hotlink/1.2.1/59293835d050718c30691d73b156e883fb010b8b3cdf24072e7d2335b8d2d75c",
      "integrity": "sha1-CBr2bIGRq4IOGRr+bPB0P/t1ZkU=",
      "dev": true,
      "hasInstallScript": true,
      "license": "ISC"
    },
    "node_modules/@klickinc/amp-iva-boilerplate-component-isi": {
      "version": "1.0.1",
      "resolved": "https://npm.pkg.github.com/download/@klickinc/amp-iva-boilerplate-component-isi/1.0.1/756056e61c0f212c59c6d404b0aa501e66adfb947cd3ef296036d9b539add1e1",
      "integrity": "sha1-F4nQYpGBYE0EfC8Y1H7vCBfUoGY=",
      "dev": true,
      "hasInstallScript": true,
      "license": "ISC"
    },
    "node_modules/@klickinc/amp-iva-boilerplate-component-modal": {
      "version": "1.0.2",
      "resolved": "https://npm.pkg.github.com/download/@klickinc/amp-iva-boilerplate-component-modal/1.0.2/753c3701d22ec897e9487f831f7794a2837a552cd8cb8bdf2887223b0da1e83e",
      "integrity": "sha1-2UuVCP3Q0mD8oV9it0JL+jyQ+vQ=",
      "dev": true,
      "hasInstallScript": true,
      "license": "ISC"
    },
    "node_modules/@klickinc/amp-iva-boilerplate-component-swipe": {
      "version": "1.0.1",
      "resolved": "https://npm.pkg.github.com/download/@klickinc/amp-iva-boilerplate-component-swipe/1.0.1/208a57d8a23022bab2ac62e39a88f1d17f8e6a46b3cb3775143685bccc36b502",
      "integrity": "sha1-QmBNnwtsOoyTdRyBhBTRNF/mSh4=",
      "dev": true,
      "hasInstallScript": true,
      "license": "ISC"
    },
    "node_modules/@klickinc/amp-iva-boilerplate-component-tabs": {
      "version": "1.0.1",
      "resolved": "https://npm.pkg.github.com/download/@klickinc/amp-iva-boilerplate-component-tabs/1.0.1/dfd92142087dcc4c22620eb054fc06f0ba954c56cc6789e0408fbc97150f7fb2",
      "integrity": "sha1-hVN3oavKYrrA2r2P8AQlG6HHFcU=",
      "dev": true,
      "hasInstallScript": true,
      "license": "ISC"
    },
    "node_modules/@klickinc/amp-iva-boilerplate-component-vendor-hammerjs": {
      "version": "2.0.9",
      "resolved": "https://npm.pkg.github.com/download/@klickinc/amp-iva-boilerplate-component-vendor-hammerjs/2.0.9/25446653c1a8a890c274547fdce47e981ead75439cf9f255004e44cd50982d82",
      "integrity": "sha1-VKncCnNYoyS+tnWenb7VAqt6/qE=",
      "dev": true,
      "hasInstallScript": true,
      "license": "ISC"
    },
    "node_modules/@klickinc/amp-iva-boilerplate-component-vendor-iscroll": {
      "version": "5.2.1",
      "resolved": "https://npm.pkg.github.com/download/@klickinc/amp-iva-boilerplate-component-vendor-iscroll/5.2.1/0673aceaafa1f0be094a07587488be06dff48704c4185b96593bb686b968ba56",
      "integrity": "sha1-QK9hI9rJZ34lEKWgFWOJbk/LHMA=",
      "dev": true,
      "hasInstallScript": true,
      "license": "ISC"
    },
    "node_modules/@klickinc/amp-iva-boilerplate-component-vendor-jquery": {
      "version": "1.10.3",
      "resolved": "https://npm.pkg.github.com/download/@klickinc/amp-iva-boilerplate-component-vendor-jquery/1.10.3/b670a0dd011d5d9e3f9844ca98a879429cf63f4c209e166e9c305bfe7ee4e683",
      "integrity": "sha1-sw60gLlXaMGR5cwnTk2I5kGjURE=",
      "dev": true,
      "hasInstallScript": true,
      "license": "ISC"
    },
    "node_modules/@klickinc/amp-iva-boilerplate-component-vendor-jquery-hammer": {
      "version": "2.0.1",
      "resolved": "https://npm.pkg.github.com/download/@klickinc/amp-iva-boilerplate-component-vendor-jquery-hammer/2.0.1/c5880d90b7a3bebe9a8506b159bbc9df7f99209a57663869f18df89f064da38e",
      "integrity": "sha1-S8DL947LzryV3veeh3H3kNjGZOE=",
      "dev": true,
      "hasInstallScript": true,
      "license": "ISC"
    },
    "node_modules/@klickinc/amp-iva-boilerplate-component-vendor-minibarjs": {
      "version": "0.5.1",
      "resolved": "https://npm.pkg.github.com/download/@klickinc/amp-iva-boilerplate-component-vendor-minibarjs/0.5.1/ae8a5b544af0b7b39dc22d5dd61859527901b78f6b066710a0728bea7510cb32",
      "integrity": "sha1-hC9vk1MxumxfM7+t1uhjIbesm70=",
      "dev": true,
      "hasInstallScript": true,
      "license": "ISC"
    },
    "node_modules/@klickinc/amp-iva-boilerplate-component-vendor-veeva-library": {
      "version": "28.13.11",
      "resolved": "https://npm.pkg.github.com/download/@klickinc/amp-iva-boilerplate-component-vendor-veeva-library/28.13.11/33c5bb4863957837a4d4e449a6ae24932df323b7b978139413762d6e90a98ff5",
      "integrity": "sha1-liEDeU7tlLdmPvWtd/3E3TDaFCM=",
      "dev": true,
      "hasInstallScript": true,
      "license": "ISC"
    },
    "node_modules/@klickinc/amp-iva-boilerplate-component-video": {
      "version": "1.0.2",
      "resolved": "https://npm.pkg.github.com/download/@klickinc/amp-iva-boilerplate-component-video/1.0.2/9302d96c4a383082136cf4dd89b7c4dbcd123468a05c51eff550d5b13344add9",
      "integrity": "sha1-u59vyYaXCx2hRI452GIK1PkVi1I=",
      "dev": true,
      "hasInstallScript": true,
      "license": "ISC"
    },
    "node_modules/@klickinc/sketch-iva-component-scroll": {
      "version": "0.0.1",
      "resolved": "https://npm.pkg.github.com/download/@klickinc/sketch-iva-component-scroll/0.0.1/c1c4151abf25c632876003b84a33777dbc3a44a693404c75240cf90755b51176",
      "integrity": "sha1-eA+ImS6Y1gwnjnLobpb8JYdSjlI=",
      "dev": true,
      "hasInstallScript": true,
      "license": "ISC",
      "dependencies": {
        "@klickinc/amp-iva-boilerplate-component-vendor-minibarjs": "^0.5.1"
      }
    }
  },
  "dependencies": {
    "@klickinc/amp-iva-boilerplate-component-briefcase": {
      "version": "1.0.2",
      "resolved": "https://npm.pkg.github.com/download/@klickinc/amp-iva-boilerplate-component-briefcase/1.0.2/4774f220da0ad11f6305ff798938cb98211357911a4f9195066390e0f2770ff2",
      "integrity": "sha1-3fruHXX7JvabdIfDNyAzBUrgxXM=",
      "dev": true
    },
    "@klickinc/amp-iva-boilerplate-component-clickstreamer": {
      "version": "1.0.1",
      "resolved": "https://npm.pkg.github.com/download/@klickinc/amp-iva-boilerplate-component-clickstreamer/1.0.1/0b4b5ff9731428073739317bec6a8e0e600732009a1767da58ea54cfeb626c44",
      "integrity": "sha1-c3ymqcdFkayuIVqEWQQipxYowZY=",
      "dev": true
    },
    "@klickinc/amp-iva-boilerplate-component-content-swap": {
      "version": "1.0.2",
      "resolved": "https://npm.pkg.github.com/download/@klickinc/amp-iva-boilerplate-component-content-swap/1.0.2/3f21394d364e07c6f91ee3d687192e0aeb68e5be991fb2d1c969f6679f06b163",
      "integrity": "sha1-GcgYx4Yf7ilW2dnnGXNxzqGOOZY=",
      "dev": true
    },
    "@klickinc/amp-iva-boilerplate-component-expanding-isi": {
      "version": "1.0.2",
      "resolved": "https://npm.pkg.github.com/download/@klickinc/amp-iva-boilerplate-component-expanding-isi/1.0.2/80a00d9d1d439c7e7d5c6c208510e7ea9e34e40d0fd910a7bf5ed5b645614b19",
      "integrity": "sha1-dcucFjVp+jH8C2Gp9eEWXfCdxZY=",
      "dev": true
    },
    "@klickinc/amp-iva-boilerplate-component-hotlink": {
      "version": "1.2.1",
      "resolved": "https://npm.pkg.github.com/download/@klickinc/amp-iva-boilerplate-component-hotlink/1.2.1/59293835d050718c30691d73b156e883fb010b8b3cdf24072e7d2335b8d2d75c",
      "integrity": "sha1-CBr2bIGRq4IOGRr+bPB0P/t1ZkU=",
      "dev": true
    },
    "@klickinc/amp-iva-boilerplate-component-isi": {
      "version": "1.0.1",
      "resolved": "https://npm.pkg.github.com/download/@klickinc/amp-iva-boilerplate-component-isi/1.0.1/756056e61c0f212c59c6d404b0aa501e66adfb947cd3ef296036d9b539add1e1",
      "integrity": "sha1-F4nQYpGBYE0EfC8Y1H7vCBfUoGY=",
      "dev": true
    },
    "@klickinc/amp-iva-boilerplate-component-modal": {
      "version": "1.0.2",
      "resolved": "https://npm.pkg.github.com/download/@klickinc/amp-iva-boilerplate-component-modal/1.0.2/753c3701d22ec897e9487f831f7794a2837a552cd8cb8bdf2887223b0da1e83e",
      "integrity": "sha1-2UuVCP3Q0mD8oV9it0JL+jyQ+vQ=",
      "dev": true
    },
    "@klickinc/amp-iva-boilerplate-component-swipe": {
      "version": "1.0.1",
      "resolved": "https://npm.pkg.github.com/download/@klickinc/amp-iva-boilerplate-component-swipe/1.0.1/208a57d8a23022bab2ac62e39a88f1d17f8e6a46b3cb3775143685bccc36b502",
      "integrity": "sha1-QmBNnwtsOoyTdRyBhBTRNF/mSh4=",
      "dev": true
    },
    "@klickinc/amp-iva-boilerplate-component-tabs": {
      "version": "1.0.1",
      "resolved": "https://npm.pkg.github.com/download/@klickinc/amp-iva-boilerplate-component-tabs/1.0.1/dfd92142087dcc4c22620eb054fc06f0ba954c56cc6789e0408fbc97150f7fb2",
      "integrity": "sha1-hVN3oavKYrrA2r2P8AQlG6HHFcU=",
      "dev": true
    },
    "@klickinc/amp-iva-boilerplate-component-vendor-hammerjs": {
      "version": "2.0.9",
      "resolved": "https://npm.pkg.github.com/download/@klickinc/amp-iva-boilerplate-component-vendor-hammerjs/2.0.9/25446653c1a8a890c274547fdce47e981ead75439cf9f255004e44cd50982d82",
      "integrity": "sha1-VKncCnNYoyS+tnWenb7VAqt6/qE=",
      "dev": true
    },
    "@klickinc/amp-iva-boilerplate-component-vendor-iscroll": {
      "version": "5.2.1",
      "resolved": "https://npm.pkg.github.com/download/@klickinc/amp-iva-boilerplate-component-vendor-iscroll/5.2.1/0673aceaafa1f0be094a07587488be06dff48704c4185b96593bb686b968ba56",
      "integrity": "sha1-QK9hI9rJZ34lEKWgFWOJbk/LHMA=",
      "dev": true
    },
    "@klickinc/amp-iva-boilerplate-component-vendor-jquery": {
      "version": "1.10.3",
      "resolved": "https://npm.pkg.github.com/download/@klickinc/amp-iva-boilerplate-component-vendor-jquery/1.10.3/b670a0dd011d5d9e3f9844ca98a879429cf63f4c209e166e9c305bfe7ee4e683",
      "integrity": "sha1-sw60gLlXaMGR5cwnTk2I5kGjURE=",
      "dev": true
    },
    "@klickinc/amp-iva-boilerplate-component-vendor-jquery-hammer": {
      "version": "2.0.1",
      "resolved": "https://npm.pkg.github.com/download/@klickinc/amp-iva-boilerplate-component-vendor-jquery-hammer/2.0.1/c5880d90b7a3bebe9a8506b159bbc9df7f99209a57663869f18df89f064da38e",
      "integrity": "sha1-S8DL947LzryV3veeh3H3kNjGZOE=",
      "dev": true
    },
    "@klickinc/amp-iva-boilerplate-component-vendor-minibarjs": {
      "version": "0.5.1",
      "resolved": "https://npm.pkg.github.com/download/@klickinc/amp-iva-boilerplate-component-vendor-minibarjs/0.5.1/ae8a5b544af0b7b39dc22d5dd61859527901b78f6b066710a0728bea7510cb32",
      "integrity": "sha1-hC9vk1MxumxfM7+t1uhjIbesm70=",
      "dev": true
    },
    "@klickinc/amp-iva-boilerplate-component-vendor-veeva-library": {
      "version": "28.13.11",
      "resolved": "https://npm.pkg.github.com/download/@klickinc/amp-iva-boilerplate-component-vendor-veeva-library/28.13.11/33c5bb4863957837a4d4e449a6ae24932df323b7b978139413762d6e90a98ff5",
      "integrity": "sha1-liEDeU7tlLdmPvWtd/3E3TDaFCM=",
      "dev": true
    },
    "@klickinc/amp-iva-boilerplate-component-video": {
      "version": "1.0.2",
      "resolved": "https://npm.pkg.github.com/download/@klickinc/amp-iva-boilerplate-component-video/1.0.2/9302d96c4a383082136cf4dd89b7c4dbcd123468a05c51eff550d5b13344add9",
      "integrity": "sha1-u59vyYaXCx2hRI452GIK1PkVi1I=",
      "dev": true
    },
    "@klickinc/sketch-iva-component-scroll": {
      "version": "0.0.1",
      "resolved": "https://npm.pkg.github.com/download/@klickinc/sketch-iva-component-scroll/0.0.1/c1c4151abf25c632876003b84a33777dbc3a44a693404c75240cf90755b51176",
      "integrity": "sha1-eA+ImS6Y1gwnjnLobpb8JYdSjlI=",
      "dev": true,
      "requires": {
        "@klickinc/amp-iva-boilerplate-component-vendor-minibarjs": "^0.5.1"
      }
    }
  }
}
